# This file is generated by running "yarn install" inside your project.
# Manual changes might be lost - proceed with caution!

__metadata:
  version: 6
  cacheKey: 8

"@nodelib/fs.scandir@npm:2.1.5":
  version: 2.1.5
  resolution: "@nodelib/fs.scandir@npm:2.1.5"
  dependencies:
    "@nodelib/fs.stat": 2.0.5
    run-parallel: ^1.1.9
  checksum: a970d595bd23c66c880e0ef1817791432dbb7acbb8d44b7e7d0e7a22f4521260d4a83f7f9fd61d44fda4610105577f8f58a60718105fb38352baed612fd79e59
  languageName: node
  linkType: hard

"@nodelib/fs.stat@npm:2.0.5, @nodelib/fs.stat@npm:^2.0.2":
  version: 2.0.5
  resolution: "@nodelib/fs.stat@npm:2.0.5"
  checksum: 012480b5ca9d97bff9261571dbbec7bbc6033f69cc92908bc1ecfad0792361a5a1994bc48674b9ef76419d056a03efadfce5a6cf6dbc0a36559571a7a483f6f0
  languageName: node
  linkType: hard

"@nodelib/fs.walk@npm:^1.2.3":
  version: 1.2.8
  resolution: "@nodelib/fs.walk@npm:1.2.8"
  dependencies:
    "@nodelib/fs.scandir": 2.1.5
    fastq: ^1.6.0
  checksum: 190c643f156d8f8f277bf2a6078af1ffde1fd43f498f187c2db24d35b4b4b5785c02c7dc52e356497b9a1b65b13edc996de08de0b961c32844364da02986dc53
  languageName: node
  linkType: hard

"@types/json-schema@npm:^7.0.9":
  version: 7.0.11
  resolution: "@types/json-schema@npm:7.0.11"
  checksum: 527bddfe62db9012fccd7627794bd4c71beb77601861055d87e3ee464f2217c85fca7a4b56ae677478367bbd248dbde13553312b7d4dbc702a2f2bbf60c4018d
  languageName: node
  linkType: hard

"@types/semver@npm:^7.3.12":
  version: 7.3.13
  resolution: "@types/semver@npm:7.3.13"
  checksum: 00c0724d54757c2f4bc60b5032fe91cda6410e48689633d5f35ece8a0a66445e3e57fa1d6e07eb780f792e82ac542948ec4d0b76eb3484297b79bd18b8cf1cb0
  languageName: node
  linkType: hard

"@typescript-eslint/eslint-plugin@npm:^5.30.3":
  version: 5.43.0
  resolution: "@typescript-eslint/eslint-plugin@npm:5.43.0"
  dependencies:
    "@typescript-eslint/scope-manager": 5.43.0
    "@typescript-eslint/type-utils": 5.43.0
    "@typescript-eslint/utils": 5.43.0
    debug: ^4.3.4
    ignore: ^5.2.0
    natural-compare-lite: ^1.4.0
    regexpp: ^3.2.0
    semver: ^7.3.7
    tsutils: ^3.21.0
  peerDependencies:
    "@typescript-eslint/parser": ^5.0.0
    eslint: ^6.0.0 || ^7.0.0 || ^8.0.0
  peerDependenciesMeta:
    typescript:
      optional: true
  checksum: aa0e9bcd9982e9601ada2088f46c1e9389abd31ceaf6cd1d492684fd711a67d595d4c95d97ba14081c2ea7eb3b98a9ebb33f91ef008e7450ce2f70b2a8ec4309
  languageName: node
  linkType: hard

"@typescript-eslint/parser@npm:^5.30.3":
  version: 5.43.0
  resolution: "@typescript-eslint/parser@npm:5.43.0"
  dependencies:
    "@typescript-eslint/scope-manager": 5.43.0
    "@typescript-eslint/types": 5.43.0
    "@typescript-eslint/typescript-estree": 5.43.0
    debug: ^4.3.4
  peerDependencies:
    eslint: ^6.0.0 || ^7.0.0 || ^8.0.0
  peerDependenciesMeta:
    typescript:
      optional: true
  checksum: a28e0ef2807f1c3381c6dc1d9ddfd83ea8db657d3f808511adf13023b469ed64fc09619e05d7f68746b05ea68770a0882883c77ce908682965ba266f95e168c9
  languageName: node
  linkType: hard

"@typescript-eslint/scope-manager@npm:5.43.0":
  version: 5.43.0
  resolution: "@typescript-eslint/scope-manager@npm:5.43.0"
  dependencies:
    "@typescript-eslint/types": 5.43.0
    "@typescript-eslint/visitor-keys": 5.43.0
  checksum: e594c7a32c3fa29e46dd0b0bc62f97f154bd864682ae7da87a14b6f4336f4cb02f6ed0602bbdb15783e4230ecdf8a0ccc6f7c5820850e8f11240c9e4fb0e388d
  languageName: node
  linkType: hard

"@typescript-eslint/type-utils@npm:5.43.0":
  version: 5.43.0
  resolution: "@typescript-eslint/type-utils@npm:5.43.0"
  dependencies:
    "@typescript-eslint/typescript-estree": 5.43.0
    "@typescript-eslint/utils": 5.43.0
    debug: ^4.3.4
    tsutils: ^3.21.0
  peerDependencies:
    eslint: "*"
  peerDependenciesMeta:
    typescript:
      optional: true
  checksum: 08dbc0b194d0ef1454a95d76c082503e04d9957e89a056068002e233f8d98113f50b2707f7c4b9b44f428e223d5b4485ee2b4df4e0cde354827c5edc92ede973
  languageName: node
  linkType: hard

"@typescript-eslint/types@npm:5.43.0":
  version: 5.43.0
  resolution: "@typescript-eslint/types@npm:5.43.0"
  checksum: fc5e5431c305feee4a3faae84f34df482e08d74b910a6f9376b01326c682ceefeeb0e270d03d7778787bc94ef05b3b85ee6d3c9d732290fbdb4a67ae1b110226
  languageName: node
  linkType: hard

"@typescript-eslint/typescript-estree@npm:5.43.0":
  version: 5.43.0
  resolution: "@typescript-eslint/typescript-estree@npm:5.43.0"
  dependencies:
    "@typescript-eslint/types": 5.43.0
    "@typescript-eslint/visitor-keys": 5.43.0
    debug: ^4.3.4
    globby: ^11.1.0
    is-glob: ^4.0.3
    semver: ^7.3.7
    tsutils: ^3.21.0
  peerDependenciesMeta:
    typescript:
      optional: true
  checksum: 3479f9413d73369ab3d574580c90a72f74d2ae1ec4afe485eebfad054c3d15c89f23a137bb9d6197dfdae33e444a76a99f6832688787feabbb064e09d39a3f55
  languageName: node
  linkType: hard

"@typescript-eslint/utils@npm:5.43.0":
  version: 5.43.0
  resolution: "@typescript-eslint/utils@npm:5.43.0"
  dependencies:
    "@types/json-schema": ^7.0.9
    "@types/semver": ^7.3.12
    "@typescript-eslint/scope-manager": 5.43.0
    "@typescript-eslint/types": 5.43.0
    "@typescript-eslint/typescript-estree": 5.43.0
    eslint-scope: ^5.1.1
    eslint-utils: ^3.0.0
    semver: ^7.3.7
  peerDependencies:
    eslint: ^6.0.0 || ^7.0.0 || ^8.0.0
  checksum: 4c6b383b51506b57230f2624f883ae21e5d8411d138587c04fe3145f915bf8c289cc2a9f7b0b3faba98345ba230504e5014922bcc578aa0badd594d9eaa8f9ef
  languageName: node
  linkType: hard

"@typescript-eslint/visitor-keys@npm:5.43.0":
  version: 5.43.0
  resolution: "@typescript-eslint/visitor-keys@npm:5.43.0"
  dependencies:
    "@typescript-eslint/types": 5.43.0
    eslint-visitor-keys: ^3.3.0
  checksum: 4820679e50096dcdaadc7c95d32e5dca3ba8510acf1a865e283822bae3940a2faec02ad8abe793f8a25f75b600f1e7215e1fd3b3ba73779eff737fa90d092550
  languageName: node
  linkType: hard

"array-union@npm:^2.1.0":
  version: 2.1.0
  resolution: "array-union@npm:2.1.0"
  checksum: 5bee12395cba82da674931df6d0fea23c4aa4660cb3b338ced9f828782a65caa232573e6bf3968f23e0c5eb301764a382cef2f128b170a9dc59de0e36c39f98d
  languageName: node
  linkType: hard

"braces@npm:^3.0.2":
  version: 3.0.2
  resolution: "braces@npm:3.0.2"
  dependencies:
    fill-range: ^7.0.1
  checksum: e2a8e769a863f3d4ee887b5fe21f63193a891c68b612ddb4b68d82d1b5f3ff9073af066c343e9867a393fe4c2555dcb33e89b937195feb9c1613d259edfcd459
  languageName: node
  linkType: hard

"debug@npm:^4.3.4":
  version: 4.3.4
  resolution: "debug@npm:4.3.4"
  dependencies:
    ms: 2.1.2
  peerDependenciesMeta:
    supports-color:
      optional: true
  checksum: 3dbad3f94ea64f34431a9cbf0bafb61853eda57bff2880036153438f50fb5a84f27683ba0d8e5426bf41a8c6ff03879488120cf5b3a761e77953169c0600a708
  languageName: node
  linkType: hard

"dir-glob@npm:^3.0.1":
  version: 3.0.1
  resolution: "dir-glob@npm:3.0.1"
  dependencies:
    path-type: ^4.0.0
  checksum: fa05e18324510d7283f55862f3161c6759a3f2f8dbce491a2fc14c8324c498286c54282c1f0e933cb930da8419b30679389499b919122952a4f8592362ef4615
  languageName: node
  linkType: hard

"eslint-config-prettier@npm:^8.5.0":
  version: 8.5.0
  resolution: "eslint-config-prettier@npm:8.5.0"
  peerDependencies:
    eslint: ">=7.0.0"
  bin:
    eslint-config-prettier: bin/cli.js
  checksum: 0d0f5c32e7a0ad91249467ce71ca92394ccd343178277d318baf32063b79ea90216f4c81d1065d60f96366fdc60f151d4d68ae7811a58bd37228b84c2083f893
  languageName: node
  linkType: hard

"eslint-config-softopus@workspace:.":
  version: 0.0.0-use.local
  resolution: "eslint-config-softopus@workspace:."
  dependencies:
    "@typescript-eslint/eslint-plugin": ^5.30.3
    "@typescript-eslint/parser": ^5.30.3
    eslint-config-prettier: ^8.5.0
    eslint-plugin-prettier: ^4.0.0
    prettier: ^2.7.1
    prettier-plugin-organize-imports: ^3.0.0
    typescript: 4.5.4
  peerDependencies:
    eslint: ^8.5.0
  languageName: unknown
  linkType: soft

"eslint-plugin-prettier@npm:^4.0.0":
  version: 4.2.1
  resolution: "eslint-plugin-prettier@npm:4.2.1"
  dependencies:
    prettier-linter-helpers: ^1.0.0
  peerDependencies:
    eslint: ">=7.28.0"
    prettier: ">=2.0.0"
  peerDependenciesMeta:
    eslint-config-prettier:
      optional: true
  checksum: b9e839d2334ad8ec7a5589c5cb0f219bded260839a857d7a486997f9870e95106aa59b8756ff3f37202085ebab658de382b0267cae44c3a7f0eb0bcc03a4f6d6
  languageName: node
  linkType: hard

"eslint-scope@npm:^5.1.1":
  version: 5.1.1
  resolution: "eslint-scope@npm:5.1.1"
  dependencies:
    esrecurse: ^4.3.0
    estraverse: ^4.1.1
  checksum: 47e4b6a3f0cc29c7feedee6c67b225a2da7e155802c6ea13bbef4ac6b9e10c66cd2dcb987867ef176292bf4e64eccc680a49e35e9e9c669f4a02bac17e86abdb
  languageName: node
  linkType: hard

"eslint-utils@npm:^3.0.0":
  version: 3.0.0
  resolution: "eslint-utils@npm:3.0.0"
  dependencies:
    eslint-visitor-keys: ^2.0.0
  peerDependencies:
    eslint: ">=5"
  checksum: 0668fe02f5adab2e5a367eee5089f4c39033af20499df88fe4e6aba2015c20720404d8c3d6349b6f716b08fdf91b9da4e5d5481f265049278099c4c836ccb619
  languageName: node
  linkType: hard

"eslint-visitor-keys@npm:^2.0.0":
  version: 2.1.0
  resolution: "eslint-visitor-keys@npm:2.1.0"
  checksum: e3081d7dd2611a35f0388bbdc2f5da60b3a3c5b8b6e928daffff7391146b434d691577aa95064c8b7faad0b8a680266bcda0a42439c18c717b80e6718d7e267d
  languageName: node
  linkType: hard

"eslint-visitor-keys@npm:^3.3.0":
  version: 3.3.0
  resolution: "eslint-visitor-keys@npm:3.3.0"
  checksum: d59e68a7c5a6d0146526b0eec16ce87fbf97fe46b8281e0d41384224375c4e52f5ffb9e16d48f4ea50785cde93f766b0c898e31ab89978d88b0e1720fbfb7808
  languageName: node
  linkType: hard

"esrecurse@npm:^4.3.0":
  version: 4.3.0
  resolution: "esrecurse@npm:4.3.0"
  dependencies:
    estraverse: ^5.2.0
  checksum: ebc17b1a33c51cef46fdc28b958994b1dc43cd2e86237515cbc3b4e5d2be6a811b2315d0a1a4d9d340b6d2308b15322f5c8291059521cc5f4802f65e7ec32837
  languageName: node
  linkType: hard

"estraverse@npm:^4.1.1":
  version: 4.3.0
  resolution: "estraverse@npm:4.3.0"
  checksum: a6299491f9940bb246124a8d44b7b7a413a8336f5436f9837aaa9330209bd9ee8af7e91a654a3545aee9c54b3308e78ee360cef1d777d37cfef77d2fa33b5827
  languageName: node
  linkType: hard

"estraverse@npm:^5.2.0":
  version: 5.3.0
  resolution: "estraverse@npm:5.3.0"
  checksum: 072780882dc8416ad144f8fe199628d2b3e7bbc9989d9ed43795d2c90309a2047e6bc5979d7e2322a341163d22cfad9e21f4110597fe487519697389497e4e2b
  languageName: node
  linkType: hard

"fast-diff@npm:^1.1.2":
  version: 1.2.0
  resolution: "fast-diff@npm:1.2.0"
  checksum: 1b5306eaa9e826564d9e5ffcd6ebd881eb5f770b3f977fcbf38f05c824e42172b53c79920e8429c54eb742ce15a0caf268b0fdd5b38f6de52234c4a8368131ae
  languageName: node
  linkType: hard

"fast-glob@npm:^3.2.9":
  version: 3.2.12
  resolution: "fast-glob@npm:3.2.12"
  dependencies:
    "@nodelib/fs.stat": ^2.0.2
    "@nodelib/fs.walk": ^1.2.3
    glob-parent: ^5.1.2
    merge2: ^1.3.0
    micromatch: ^4.0.4
  checksum: 0b1990f6ce831c7e28c4d505edcdaad8e27e88ab9fa65eedadb730438cfc7cde4910d6c975d6b7b8dc8a73da4773702ebcfcd6e3518e73938bb1383badfe01c2
  languageName: node
  linkType: hard

"fastq@npm:^1.6.0":
  version: 1.13.0
  resolution: "fastq@npm:1.13.0"
  dependencies:
    reusify: ^1.0.4
  checksum: 32cf15c29afe622af187d12fc9cd93e160a0cb7c31a3bb6ace86b7dea3b28e7b72acde89c882663f307b2184e14782c6c664fa315973c03626c7d4bff070bb0b
  languageName: node
  linkType: hard

"fill-range@npm:^7.0.1":
  version: 7.0.1
  resolution: "fill-range@npm:7.0.1"
  dependencies:
    to-regex-range: ^5.0.1
  checksum: cc283f4e65b504259e64fd969bcf4def4eb08d85565e906b7d36516e87819db52029a76b6363d0f02d0d532f0033c9603b9e2d943d56ee3b0d4f7ad3328ff917
  languageName: node
  linkType: hard

"glob-parent@npm:^5.1.2":
  version: 5.1.2
  resolution: "glob-parent@npm:5.1.2"
  dependencies:
    is-glob: ^4.0.1
  checksum: f4f2bfe2425296e8a47e36864e4f42be38a996db40420fe434565e4480e3322f18eb37589617a98640c5dc8fdec1a387007ee18dbb1f3f5553409c34d17f425e
  languageName: node
  linkType: hard

"globby@npm:^11.1.0":
  version: 11.1.0
  resolution: "globby@npm:11.1.0"
  dependencies:
    array-union: ^2.1.0
    dir-glob: ^3.0.1
    fast-glob: ^3.2.9
    ignore: ^5.2.0
    merge2: ^1.4.1
    slash: ^3.0.0
  checksum: b4be8885e0cfa018fc783792942d53926c35c50b3aefd3fdcfb9d22c627639dc26bd2327a40a0b74b074100ce95bb7187bfeae2f236856aa3de183af7a02aea6
  languageName: node
  linkType: hard

"ignore@npm:^5.2.0":
  version: 5.2.0
  resolution: "ignore@npm:5.2.0"
  checksum: 6b1f926792d614f64c6c83da3a1f9c83f6196c2839aa41e1e32dd7b8d174cef2e329d75caabb62cb61ce9dc432f75e67d07d122a037312db7caa73166a1bdb77
  languageName: node
  linkType: hard

"is-extglob@npm:^2.1.1":
  version: 2.1.1
  resolution: "is-extglob@npm:2.1.1"
  checksum: df033653d06d0eb567461e58a7a8c9f940bd8c22274b94bf7671ab36df5719791aae15eef6d83bbb5e23283967f2f984b8914559d4449efda578c775c4be6f85
  languageName: node
  linkType: hard

"is-glob@npm:^4.0.1, is-glob@npm:^4.0.3":
  version: 4.0.3
  resolution: "is-glob@npm:4.0.3"
  dependencies:
    is-extglob: ^2.1.1
  checksum: d381c1319fcb69d341cc6e6c7cd588e17cd94722d9a32dbd60660b993c4fb7d0f19438674e68dfec686d09b7c73139c9166b47597f846af387450224a8101ab4
  languageName: node
  linkType: hard

"is-number@npm:^7.0.0":
  version: 7.0.0
  resolution: "is-number@npm:7.0.0"
  checksum: 456ac6f8e0f3111ed34668a624e45315201dff921e5ac181f8ec24923b99e9f32ca1a194912dc79d539c97d33dba17dc635202ff0b2cf98326f608323276d27a
  languageName: node
  linkType: hard

"lru-cache@npm:^6.0.0":
  version: 6.0.0
  resolution: "lru-cache@npm:6.0.0"
  dependencies:
    yallist: ^4.0.0
  checksum: f97f499f898f23e4585742138a22f22526254fdba6d75d41a1c2526b3b6cc5747ef59c5612ba7375f42aca4f8461950e925ba08c991ead0651b4918b7c978297
  languageName: node
  linkType: hard

"merge2@npm:^1.3.0, merge2@npm:^1.4.1":
  version: 1.4.1
  resolution: "merge2@npm:1.4.1"
  checksum: 7268db63ed5169466540b6fb947aec313200bcf6d40c5ab722c22e242f651994619bcd85601602972d3c85bd2cc45a358a4c61937e9f11a061919a1da569b0c2
  languageName: node
  linkType: hard

"micromatch@npm:^4.0.4":
  version: 4.0.5
  resolution: "micromatch@npm:4.0.5"
  dependencies:
    braces: ^3.0.2
    picomatch: ^2.3.1
  checksum: 02a17b671c06e8fefeeb6ef996119c1e597c942e632a21ef589154f23898c9c6a9858526246abb14f8bca6e77734aa9dcf65476fca47cedfb80d9577d52843fc
  languageName: node
  linkType: hard

"ms@npm:2.1.2":
  version: 2.1.2
  resolution: "ms@npm:2.1.2"
  checksum: 673cdb2c3133eb050c745908d8ce632ed2c02d85640e2edb3ace856a2266a813b30c613569bf3354fdf4ea7d1a1494add3bfa95e2713baa27d0c2c71fc44f58f
  languageName: node
  linkType: hard

"natural-compare-lite@npm:^1.4.0":
  version: 1.4.0
  resolution: "natural-compare-lite@npm:1.4.0"
  checksum: 5222ac3986a2b78dd6069ac62cbb52a7bf8ffc90d972ab76dfe7b01892485d229530ed20d0c62e79a6b363a663b273db3bde195a1358ce9e5f779d4453887225
  languageName: node
  linkType: hard

"path-type@npm:^4.0.0":
  version: 4.0.0
  resolution: "path-type@npm:4.0.0"
  checksum: 5b1e2daa247062061325b8fdbfd1fb56dde0a448fb1455453276ea18c60685bdad23a445dc148cf87bc216be1573357509b7d4060494a6fd768c7efad833ee45
  languageName: node
  linkType: hard

"picomatch@npm:^2.3.1":
  version: 2.3.1
  resolution: "picomatch@npm:2.3.1"
  checksum: 050c865ce81119c4822c45d3c84f1ced46f93a0126febae20737bd05ca20589c564d6e9226977df859ed5e03dc73f02584a2b0faad36e896936238238b0446cf
  languageName: node
  linkType: hard

"prettier-linter-helpers@npm:^1.0.0":
  version: 1.0.0
  resolution: "prettier-linter-helpers@npm:1.0.0"
  dependencies:
    fast-diff: ^1.1.2
  checksum: 00ce8011cf6430158d27f9c92cfea0a7699405633f7f1d4a45f07e21bf78e99895911cbcdc3853db3a824201a7c745bd49bfea8abd5fb9883e765a90f74f8392
  languageName: node
  linkType: hard

"prettier-plugin-organize-imports@npm:^3.0.0":
  version: 3.2.0
  resolution: "prettier-plugin-organize-imports@npm:3.2.0"
  peerDependencies:
    "@volar/vue-language-plugin-pug": ^1.0.4
    "@volar/vue-typescript": ^1.0.4
    prettier: ">=2.0"
    typescript: ">=2.9"
  peerDependenciesMeta:
    "@volar/vue-language-plugin-pug":
      optional: true
    "@volar/vue-typescript":
      optional: true
  checksum: ba9f0d1bf2ecb3ca3c67c28b8ca479b33e571435ba59408d2eab6dff9ca661ef3116b292acc20d9e15eec99be2d9c6151b844b5a80c762bd972fda0da31efcd9
  languageName: node
  linkType: hard

"prettier@npm:^2.7.1":
  version: 2.7.1
  resolution: "prettier@npm:2.7.1"
  bin:
    prettier: bin-prettier.js
  checksum: 55a4409182260866ab31284d929b3cb961e5fdb91fe0d2e099dac92eaecec890f36e524b4c19e6ceae839c99c6d7195817579cdffc8e2c80da0cb794463a748b
  languageName: node
  linkType: hard

"queue-microtask@npm:^1.2.2":
  version: 1.2.3
  resolution: "queue-microtask@npm:1.2.3"
  checksum: b676f8c040cdc5b12723ad2f91414d267605b26419d5c821ff03befa817ddd10e238d22b25d604920340fd73efd8ba795465a0377c4adf45a4a41e4234e42dc4
  languageName: node
  linkType: hard

"regexpp@npm:^3.2.0":
  version: 3.2.0
  resolution: "regexpp@npm:3.2.0"
  checksum: a78dc5c7158ad9ddcfe01aa9144f46e192ddbfa7b263895a70a5c6c73edd9ce85faf7c0430e59ac38839e1734e275b9c3de5c57ee3ab6edc0e0b1bdebefccef8
  languageName: node
  linkType: hard

"reusify@npm:^1.0.4":
  version: 1.0.4
  resolution: "reusify@npm:1.0.4"
  checksum: c3076ebcc22a6bc252cb0b9c77561795256c22b757f40c0d8110b1300723f15ec0fc8685e8d4ea6d7666f36c79ccc793b1939c748bf36f18f542744a4e379fcc
  languageName: node
  linkType: hard

"run-parallel@npm:^1.1.9":
  version: 1.2.0
  resolution: "run-parallel@npm:1.2.0"
  dependencies:
    queue-microtask: ^1.2.2
  checksum: cb4f97ad25a75ebc11a8ef4e33bb962f8af8516bb2001082ceabd8902e15b98f4b84b4f8a9b222e5d57fc3bd1379c483886ed4619367a7680dad65316993021d
  languageName: node
  linkType: hard

"semver@npm:^7.3.7":
  version: 7.3.8
  resolution: "semver@npm:7.3.8"
  dependencies:
    lru-cache: ^6.0.0
  bin:
    semver: bin/semver.js
  checksum: ba9c7cbbf2b7884696523450a61fee1a09930d888b7a8d7579025ad93d459b2d1949ee5bbfeb188b2be5f4ac163544c5e98491ad6152df34154feebc2cc337c1
  languageName: node
  linkType: hard

"slash@npm:^3.0.0":
  version: 3.0.0
  resolution: "slash@npm:3.0.0"
  checksum: 94a93fff615f25a999ad4b83c9d5e257a7280c90a32a7cb8b4a87996e4babf322e469c42b7f649fd5796edd8687652f3fb452a86dc97a816f01113183393f11c
  languageName: node
  linkType: hard

"to-regex-range@npm:^5.0.1":
  version: 5.0.1
  resolution: "to-regex-range@npm:5.0.1"
  dependencies:
    is-number: ^7.0.0
  checksum: f76fa01b3d5be85db6a2a143e24df9f60dd047d151062d0ba3df62953f2f697b16fe5dad9b0ac6191c7efc7b1d9dcaa4b768174b7b29da89d4428e64bc0a20ed
  languageName: node
  linkType: hard

"tslib@npm:^1.8.1":
  version: 1.14.1
  resolution: "tslib@npm:1.14.1"
  checksum: dbe628ef87f66691d5d2959b3e41b9ca0045c3ee3c7c7b906cc1e328b39f199bb1ad9e671c39025bd56122ac57dfbf7385a94843b1cc07c60a4db74795829acd
  languageName: node
  linkType: hard

"tsutils@npm:^3.21.0":
  version: 3.21.0
  resolution: "tsutils@npm:3.21.0"
  dependencies:
    tslib: ^1.8.1
  peerDependencies:
    typescript: ">=2.8.0 || >= 3.2.0-dev || >= 3.3.0-dev || >= 3.4.0-dev || >= 3.5.0-dev || >= 3.6.0-dev || >= 3.6.0-beta || >= 3.7.0-dev || >= 3.7.0-beta"
  checksum: 1843f4c1b2e0f975e08c4c21caa4af4f7f65a12ac1b81b3b8489366826259323feb3fc7a243123453d2d1a02314205a7634e048d4a8009921da19f99755cdc48
  languageName: node
  linkType: hard

"typescript@npm:4.5.4":
  version: 4.5.4
  resolution: "typescript@npm:4.5.4"
  bin:
    tsc: bin/tsc
    tsserver: bin/tsserver
  checksum: 59f3243f9cd6fe3161e6150ff6bf795fc843b4234a655dbd938a310515e0d61afd1ac942799e7415e4334255e41c2c49b7dd5d9fd38a17acd25a6779ca7e0961
  languageName: node
  linkType: hard

"typescript@patch:typescript@4.5.4#~builtin<compat/typescript>":
  version: 4.5.4
  resolution: "typescript@patch:typescript@npm%3A4.5.4#~builtin<compat/typescript>::version=4.5.4&hash=bcec9a"
  bin:
    tsc: bin/tsc
    tsserver: bin/tsserver
  checksum: eda87927f9cfb94aca9b5e47842daf37347ad3073133e17f556fbb6c18f3493c5b551eedab0f4b26774235ddb7acbe0087250d5285f72ce6819a0891dd5a74ed
  languageName: node
  linkType: hard

"yallist@npm:^4.0.0":
  version: 4.0.0
  resolution: "yallist@npm:4.0.0"
  checksum: 343617202af32df2a15a3be36a5a8c0c8545208f3d3dfbc6bb7c3e3b7e8c6f8e7485432e4f3b88da3031a6e20afa7c711eded32ddfb122896ac5d914e75848d5
  languageName: node
  linkType: hard
